
Microsoft Visual Studio Solution File, Format Version 12.00
# Visual Studio 15
VisualStudioVersion = 15.0.28307.168
MinimumVisualStudioVersion = 10.0.40219.1
Project("{FAE04EC0-301F-11D3-BF4B-00C04F79EFBC}") = "TxtComparerConsole", "TxtComparerConsole\TxtComparerConsole.csproj", "{21F02A79-0954-4F22-B49D-4EA69684DE80}"
EndProject
Global
	GlobalSection(SolutionConfigurationPlatforms) = preSolution
		Debug|Any CPU = Debug|Any CPU
		Release|Any CPU = Release|Any CPU
	EndGlobalSection
	GlobalSection(ProjectConfigurationPlatforms) = postSolution
		{21F02A79-0954-4F22-B49D-4EA69684DE80}.Debug|Any CPU.ActiveCfg = Debug|Any CPU
		{21F02A79-0954-4F22-B49D-4EA69684DE80}.Debug|Any CPU.Build.0 = Debug|Any CPU
		{21F02A79-0954-4F22-B49D-4EA69684DE80}.Release|Any CPU.ActiveCfg = Release|Any CPU
		{21F02A79-0954-4F22-B49D-4EA69684DE80}.Release|Any CPU.Build.0 = Release|Any CPU
	EndGlobalSection
	GlobalSection(SolutionProperties) = preSolution
		HideSolutionNode = FALSE
	EndGlobalSection
	GlobalSection(ExtensibilityGlobals) = postSolution
		SolutionGuid = {BC68D861-7761-40F5-AB22-97233912319A}
	EndGlobalSection
EndGlobal
